{
  "name": "TuturL",
  "lockfileVersion": 3,
  "requires": true,
  "packages": {
    "": {
      "dependencies": {
        "node-typescript": "^0.1.3",
        "prettier": "^3.2.5",
        "typescript": "^5.4.5"
      },
      "devDependencies": {
        "@types/node": "^20.12.7"
      }
    },
    "node_modules/@types/node": {
      "version": "20.12.7",
      "resolved": "https://registry.npmjs.org/@types/node/-/node-20.12.7.tgz",
      "integrity": "sha512-wq0cICSkRLVaf3UGLMGItu/PtdY7oaXaI/RVU+xliKVOtRna3PRY57ZDfztpDL0n11vfymMUnXv8QwYCO7L1wg==",
      "dev": true,
      "dependencies": {
        "undici-types": "~5.26.4"
      }
    },
    "node_modules/node-typescript": {
      "version": "0.1.3",
      "resolved": "https://registry.npmjs.org/node-typescript/-/node-typescript-0.1.3.tgz",
      "integrity": "sha512-EK34kMXvdXsVvtzLZVQN3ORdLTQCG0gSnhkQOF8vzrO8beXoXqIUNAGACF9c6N5LDDzEdM8YCXFjbuCE8Mz1Jg==",
      "dependencies": {
        "typescript": "0.8.3"
      },
      "engines": {
        "node": "0.8.x"
      }
    },
    "node_modules/node-typescript/node_modules/typescript": {
      "version": "0.8.3",
      "resolved": "https://registry.npmjs.org/typescript/-/typescript-0.8.3.tgz",
      "integrity": "sha512-42GP2FBgk+/q8Y0MRt0vJoWx6I7ADAKBTnz7gK++gwQtzC3h54Yltqb8z+EFozZ4OHhz6uwLmXFthCn4oDOGxg==",
      "bin": {
        "tsc": "bin/tsc"
      },
      "engines": {
        "node": ">=0.8.0"
      }
    },
    "node_modules/prettier": {
      "version": "3.2.5",
      "resolved": "https://registry.npmjs.org/prettier/-/prettier-3.2.5.tgz",
      "integrity": "sha512-3/GWa9aOC0YeD7LUfvOG2NiDyhOWRvt1k+rcKhOuYnMY24iiCphgneUfJDyFXd6rZCAnuLBv6UeAULtrhT/F4A==",
      "bin": {
        "prettier": "bin/prettier.cjs"
      },
      "engines": {
        "node": ">=14"
      },
      "funding": {
        "url": "https://github.com/prettier/prettier?sponsor=1"
      }
    },
    "node_modules/typescript": {
      "version": "5.4.5",
      "resolved": "https://registry.npmjs.org/typescript/-/typescript-5.4.5.tgz",
      "integrity": "sha512-vcI4UpRgg81oIRUFwR0WSIHKt11nJ7SAVlYNIu+QpqeyXP+gpQJy/Z4+F0aGxSE4MqwjyXvW/TzgkLAx2AGHwQ==",
      "bin": {
        "tsc": "bin/tsc",
        "tsserver": "bin/tsserver"
      },
      "engines": {
        "node": ">=14.17"
      }
    },
    "node_modules/undici-types": {
      "version": "5.26.5",
      "resolved": "https://registry.npmjs.org/undici-types/-/undici-types-5.26.5.tgz",
      "integrity": "sha512-JlCMO+ehdEIKqlFxk6IfVoAUVmgz7cU7zD/h9XZ0qzeosSHmUJVOzSQvvYSYWXkFXC+IfLKSIffhv0sVZup6pA==",
      "dev": true
    }
  }
}
